
Microsoft Visual Studio Solution File, Format Version 12.00
# Visual Studio Version 17
VisualStudioVersion = 17.9.34622.214
MinimumVisualStudioVersion = 10.0.40219.1
Project("{FAE04EC0-301F-11D3-BF4B-00C04F79EFBC}") = "MSLearn.CSharpConvertCast.Challenge2", "MSLearn.CSharpConvertCast.Challenge2\MSLearn.CSharpConvertCast.Challenge2.csproj", "{628FFB4B-54DF-4932-ADB2-957D9D347AAF}"
EndProject
Global
	GlobalSection(SolutionConfigurationPlatforms) = preSolution
		Debug|Any CPU = Debug|Any CPU
		Release|Any CPU = Release|Any CPU
	EndGlobalSection
	GlobalSection(ProjectConfigurationPlatforms) = postSolution
		{628FFB4B-54DF-4932-ADB2-957D9D347AAF}.Debug|Any CPU.ActiveCfg = Debug|Any CPU
		{628FFB4B-54DF-4932-ADB2-957D9D347AAF}.Debug|Any CPU.Build.0 = Debug|Any CPU
		{628FFB4B-54DF-4932-ADB2-957D9D347AAF}.Release|Any CPU.ActiveCfg = Release|Any CPU
		{628FFB4B-54DF-4932-ADB2-957D9D347AAF}.Release|Any CPU.Build.0 = Release|Any CPU
	EndGlobalSection
	GlobalSection(SolutionProperties) = preSolution
		HideSolutionNode = FALSE
	EndGlobalSection
	GlobalSection(ExtensibilityGlobals) = postSolution
		SolutionGuid = {0DA6B8E2-C976-4177-9350-626581208A59}
	EndGlobalSection
EndGlobal
